# THIS IS AN AUTOGENERATED FILE. DO NOT EDIT THIS FILE DIRECTLY.
# yarn lockfile v1


eslint-plugin-react-hooks@^2.3.0:
  version "2.3.0"
  resolved "https://registry.yarnpkg.com/eslint-plugin-react-hooks/-/eslint-plugin-react-hooks-2.3.0.tgz#53e073961f1f5ccf8dd19558036c1fac8c29d99a"
  integrity sha512-gLKCa52G4ee7uXzdLiorca7JIQZPPXRAQDXV83J4bUEeUuc5pIEyZYAZ45Xnxe5IuupxEqHS+hUhSLIimK1EMw==
